
Microsoft Visual Studio Solution File, Format Version 12.00
# Visual Studio Version 17
VisualStudioVersion = 17.14.36429.23 d17.14
MinimumVisualStudioVersion = 10.0.40219.1
Project("{FAE04EC0-301F-11D3-BF4B-00C04F79EFBC}") = "Canducci.OpenZip", "Canducci.OpenZip\Canducci.OpenZip.csproj", "{2CFD4F54-E581-4FD1-8A98-B5B5D01DB781}"
EndProject
Project("{FAE04EC0-301F-11D3-BF4B-00C04F79EFBC}") = "TestProjectOpenZip", "TestProjectOpenZip\TestProjectOpenZip.csproj", "{8EA9750C-1980-4ACA-8F98-848FA81D61A0}"
EndProject
Global
	GlobalSection(SolutionConfigurationPlatforms) = preSolution
		Debug|Any CPU = Debug|Any CPU
		Release|Any CPU = Release|Any CPU
	EndGlobalSection
	GlobalSection(ProjectConfigurationPlatforms) = postSolution
		{2CFD4F54-E581-4FD1-8A98-B5B5D01DB781}.Debug|Any CPU.ActiveCfg = Debug|Any CPU
		{2CFD4F54-E581-4FD1-8A98-B5B5D01DB781}.Debug|Any CPU.Build.0 = Debug|Any CPU
		{2CFD4F54-E581-4FD1-8A98-B5B5D01DB781}.Release|Any CPU.ActiveCfg = Release|Any CPU
		{2CFD4F54-E581-4FD1-8A98-B5B5D01DB781}.Release|Any CPU.Build.0 = Release|Any CPU
		{8EA9750C-1980-4ACA-8F98-848FA81D61A0}.Debug|Any CPU.ActiveCfg = Debug|Any CPU
		{8EA9750C-1980-4ACA-8F98-848FA81D61A0}.Debug|Any CPU.Build.0 = Debug|Any CPU
		{8EA9750C-1980-4ACA-8F98-848FA81D61A0}.Release|Any CPU.ActiveCfg = Release|Any CPU
		{8EA9750C-1980-4ACA-8F98-848FA81D61A0}.Release|Any CPU.Build.0 = Release|Any CPU
	EndGlobalSection
	GlobalSection(SolutionProperties) = preSolution
		HideSolutionNode = FALSE
	EndGlobalSection
	GlobalSection(ExtensibilityGlobals) = postSolution
		SolutionGuid = {EE3DF3F4-C56B-4C83-89C6-38006390B9CF}
	EndGlobalSection
EndGlobal
